// !$*UTF8*$!
{
	archiveVersion = 1;
	classes = {
	};
	objectVersion = 56;
	objects = {

/* Begin PBXBuildFile section */
		4143721B29E0540000A670C0 /* Assets.xcassets in Resources */ = {isa = PBXBuildFile; fileRef = 4143721A29E0540000A670C0 /* Assets.xcassets */; };
		4143722129E0540000A670C0 /* urobo-zegzug MessagesExtension.appex in Embed Foundation Extensions */ = {isa = PBXBuildFile; fileRef = 4143722029E0540000A670C0 /* urobo-zegzug MessagesExtension.appex */; settings = {ATTRIBUTES = (RemoveHeadersOnCopy, ); }; };
		4143722629E0540000A670C0 /* Messages.framework in Frameworks */ = {isa = PBXBuildFile; fileRef = 4143722529E0540000A670C0 /* Messages.framework */; };
		4143722929E0540000A670C0 /* MessagesViewController.swift in Sources */ = {isa = PBXBuildFile; fileRef = 4143722829E0540000A670C0 /* MessagesViewController.swift */; };
		4143722C29E0540000A670C0 /* MainInterface.storyboard in Resources */ = {isa = PBXBuildFile; fileRef = 4143722A29E0540000A670C0 /* MainInterface.storyboard */; };
		4143722E29E0540100A670C0 /* Assets.xcassets in Resources */ = {isa = PBXBuildFile; fileRef = 4143722D29E0540100A670C0 /* Assets.xcassets */; };
		4143723D29E06F0B00A670C0 /* MenuScreen.swift in Sources */ = {isa = PBXBuildFile; fileRef = 4143723C29E06F0B00A670C0 /* MenuScreen.swift */; };
		4143723F29E06F1900A670C0 /* MenuViewModel.swift in Sources */ = {isa = PBXBuildFile; fileRef = 4143723E29E06F1900A670C0 /* MenuViewModel.swift */; };
		4143724229E0702E00A670C0 /* GameMenuTile.swift in Sources */ = {isa = PBXBuildFile; fileRef = 4143724129E0702E00A670C0 /* GameMenuTile.swift */; };
		4143724729E0901900A670C0 /* UroboGameScreen.swift in Sources */ = {isa = PBXBuildFile; fileRef = 4143724629E0901900A670C0 /* UroboGameScreen.swift */; };
		4143724929E0902600A670C0 /* UroboGameViewModel.swift in Sources */ = {isa = PBXBuildFile; fileRef = 4143724829E0902600A670C0 /* UroboGameViewModel.swift */; };
		4143724C29E0945000A670C0 /* Padding.swift in Sources */ = {isa = PBXBuildFile; fileRef = 4143724B29E0945000A670C0 /* Padding.swift */; };
		4143726429E19BEC00A670C0 /* HowToPlayView.swift in Sources */ = {isa = PBXBuildFile; fileRef = 4143726329E19BEC00A670C0 /* HowToPlayView.swift */; };
		418CF6D029F3D118001C0FCD /* Color+appColors.swift in Sources */ = {isa = PBXBuildFile; fileRef = 418CF6CF29F3D118001C0FCD /* Color+appColors.swift */; };
		418CF6D329F3D1E7001C0FCD /* Image+appImages.swift in Sources */ = {isa = PBXBuildFile; fileRef = 418CF6D229F3D1E7001C0FCD /* Image+appImages.swift */; };
		418CF6D829F3D2F2001C0FCD /* MenuButton.swift in Sources */ = {isa = PBXBuildFile; fileRef = 418CF6D729F3D2F2001C0FCD /* MenuButton.swift */; };
		418CF6DB29F3D633001C0FCD /* GameType.swift in Sources */ = {isa = PBXBuildFile; fileRef = 418CF6DA29F3D633001C0FCD /* GameType.swift */; };
		418F84AF2A1C0461006C2807 /* UroboGameViewModelUnitTests.swift in Sources */ = {isa = PBXBuildFile; fileRef = 418F84AE2A1C0461006C2807 /* UroboGameViewModelUnitTests.swift */; };
		418F84B62A1C0A28006C2807 /* Assets.xcassets in Resources */ = {isa = PBXBuildFile; fileRef = 4143722D29E0540100A670C0 /* Assets.xcassets */; };
		418F84B82A1C0E30006C2807 /* Messages.framework in Frameworks */ = {isa = PBXBuildFile; fileRef = 418F84B72A1C0E30006C2807 /* Messages.framework */; };
		418F84B92A1C0E7C006C2807 /* MainInterface.storyboard in Resources */ = {isa = PBXBuildFile; fileRef = 4143722A29E0540000A670C0 /* MainInterface.storyboard */; };
		41EEBCB32A064BA8002A6798 /* UroboState.swift in Sources */ = {isa = PBXBuildFile; fileRef = 41EEBCB22A064BA8002A6798 /* UroboState.swift */; };
		41EEBCB62A06ACB0002A6798 /* Int+isBiggerUroboCard.swift in Sources */ = {isa = PBXBuildFile; fileRef = 41EEBCB52A06ACB0002A6798 /* Int+isBiggerUroboCard.swift */; };
		55D9B32829F5D77000A2369C /* ZegzugGameView.swift in Sources */ = {isa = PBXBuildFile; fileRef = 55D9B32729F5D77000A2369C /* ZegzugGameView.swift */; };
		55D9B32B29F5D8B000A2369C /* Circle.swift in Sources */ = {isa = PBXBuildFile; fileRef = 55D9B32A29F5D8B000A2369C /* Circle.swift */; };
		55D9B32D29F5DAA500A2369C /* BackgroundCircles.swift in Sources */ = {isa = PBXBuildFile; fileRef = 55D9B32C29F5DAA500A2369C /* BackgroundCircles.swift */; };
		55D9B32F29F5DFB100A2369C /* PlayableArea.swift in Sources */ = {isa = PBXBuildFile; fileRef = 55D9B32E29F5DFB100A2369C /* PlayableArea.swift */; };
		55D9B33129F5E02400A2369C /* ZegzugGameViewModel.swift in Sources */ = {isa = PBXBuildFile; fileRef = 55D9B33029F5E02400A2369C /* ZegzugGameViewModel.swift */; };
		55D9B33429F5E15100A2369C /* CGPoint+Extension.swift in Sources */ = {isa = PBXBuildFile; fileRef = 55D9B33329F5E15100A2369C /* CGPoint+Extension.swift */; };
		55D9B33729F5E1B200A2369C /* Shape+Extension.swift in Sources */ = {isa = PBXBuildFile; fileRef = 55D9B33629F5E1B200A2369C /* Shape+Extension.swift */; };
		55D9B33A29F5E23400A2369C /* Path+Extension.swift in Sources */ = {isa = PBXBuildFile; fileRef = 55D9B33929F5E23400A2369C /* Path+Extension.swift */; };
		55D9B34229F6C6E900A2369C /* UroboPlayer.swift in Sources */ = {isa = PBXBuildFile; fileRef = 55D9B34129F6C6E900A2369C /* UroboPlayer.swift */; };
		55D9B34429F6C6F400A2369C /* MonochromeShadowButton.swift in Sources */ = {isa = PBXBuildFile; fileRef = 55D9B34329F6C6F400A2369C /* MonochromeShadowButton.swift */; };
		55D9B34729F6CF5900A2369C /* ButtonStyle+Extension.swift in Sources */ = {isa = PBXBuildFile; fileRef = 55D9B34629F6CF5900A2369C /* ButtonStyle+Extension.swift */; };
		55D9B34929F6D18000A2369C /* CircularButton.swift in Sources */ = {isa = PBXBuildFile; fileRef = 55D9B34829F6D18000A2369C /* CircularButton.swift */; };
/* End PBXBuildFile section */

/* Begin PBXContainerItemProxy section */
		4143722229E0540000A670C0 /* PBXContainerItemProxy */ = {
			isa = PBXContainerItemProxy;
			containerPortal = 4143721129E053FF00A670C0 /* Project object */;
			proxyType = 1;
			remoteGlobalIDString = 4143721F29E0540000A670C0;
			remoteInfo = "urobo-zegzug MessagesExtension";
		};
		418F84B32A1C05BD006C2807 /* PBXContainerItemProxy */ = {
			isa = PBXContainerItemProxy;
			containerPortal = 4143721129E053FF00A670C0 /* Project object */;
			proxyType = 1;
			remoteGlobalIDString = 4143721F29E0540000A670C0;
			remoteInfo = "urobo-zegzug MessagesExtension";
		};
/* End PBXContainerItemProxy section */

/* Begin PBXCopyFilesBuildPhase section */
		4143723529E0540100A670C0 /* Embed Foundation Extensions */ = {
			isa = PBXCopyFilesBuildPhase;
			buildActionMask = 2147483647;
			dstPath = "";
			dstSubfolderSpec = 13;
			files = (
				4143722129E0540000A670C0 /* urobo-zegzug MessagesExtension.appex in Embed Foundation Extensions */,
			);
			name = "Embed Foundation Extensions";
			runOnlyForDeploymentPostprocessing = 0;
		};
/* End PBXCopyFilesBuildPhase section */

/* Begin PBXFileReference section */
		4143721729E053FF00A670C0 /* urobo-zegzug.app */ = {isa = PBXFileReference; explicitFileType = wrapper.application; includeInIndex = 0; path = "urobo-zegzug.app"; sourceTree = BUILT_PRODUCTS_DIR; };
		4143721A29E0540000A670C0 /* Assets.xcassets */ = {isa = PBXFileReference; lastKnownFileType = folder.assetcatalog; path = Assets.xcassets; sourceTree = "<group>"; };
		4143722029E0540000A670C0 /* urobo-zegzug MessagesExtension.appex */ = {isa = PBXFileReference; explicitFileType = "wrapper.app-extension"; includeInIndex = 0; path = "urobo-zegzug MessagesExtension.appex"; sourceTree = BUILT_PRODUCTS_DIR; };
		4143722529E0540000A670C0 /* Messages.framework */ = {isa = PBXFileReference; lastKnownFileType = wrapper.framework; name = Messages.framework; path = System/Library/Frameworks/Messages.framework; sourceTree = SDKROOT; };
		4143722829E0540000A670C0 /* MessagesViewController.swift */ = {isa = PBXFileReference; lastKnownFileType = sourcecode.swift; path = MessagesViewController.swift; sourceTree = "<group>"; };
		4143722B29E0540000A670C0 /* Base */ = {isa = PBXFileReference; lastKnownFileType = file.storyboard; name = Base; path = Base.lproj/MainInterface.storyboard; sourceTree = "<group>"; };
		4143722D29E0540100A670C0 /* Assets.xcassets */ = {isa = PBXFileReference; lastKnownFileType = folder.assetcatalog; path = Assets.xcassets; sourceTree = "<group>"; };
		4143722F29E0540100A670C0 /* Info.plist */ = {isa = PBXFileReference; lastKnownFileType = text.plist.xml; path = Info.plist; sourceTree = "<group>"; };
		4143723C29E06F0B00A670C0 /* MenuScreen.swift */ = {isa = PBXFileReference; lastKnownFileType = sourcecode.swift; path = MenuScreen.swift; sourceTree = "<group>"; };
		4143723E29E06F1900A670C0 /* MenuViewModel.swift */ = {isa = PBXFileReference; lastKnownFileType = sourcecode.swift; path = MenuViewModel.swift; sourceTree = "<group>"; };
		4143724129E0702E00A670C0 /* GameMenuTile.swift */ = {isa = PBXFileReference; lastKnownFileType = sourcecode.swift; path = GameMenuTile.swift; sourceTree = "<group>"; };
		4143724629E0901900A670C0 /* UroboGameScreen.swift */ = {isa = PBXFileReference; lastKnownFileType = sourcecode.swift; path = UroboGameScreen.swift; sourceTree = "<group>"; };
		4143724829E0902600A670C0 /* UroboGameViewModel.swift */ = {isa = PBXFileReference; lastKnownFileType = sourcecode.swift; path = UroboGameViewModel.swift; sourceTree = "<group>"; };
		4143724B29E0945000A670C0 /* Padding.swift */ = {isa = PBXFileReference; lastKnownFileType = sourcecode.swift; path = Padding.swift; sourceTree = "<group>"; };
		4143726329E19BEC00A670C0 /* HowToPlayView.swift */ = {isa = PBXFileReference; lastKnownFileType = sourcecode.swift; path = HowToPlayView.swift; sourceTree = "<group>"; };
		418CF6CF29F3D118001C0FCD /* Color+appColors.swift */ = {isa = PBXFileReference; lastKnownFileType = sourcecode.swift; path = "Color+appColors.swift"; sourceTree = "<group>"; };
		418CF6D229F3D1E7001C0FCD /* Image+appImages.swift */ = {isa = PBXFileReference; lastKnownFileType = sourcecode.swift; path = "Image+appImages.swift"; sourceTree = "<group>"; };
		418CF6D729F3D2F2001C0FCD /* MenuButton.swift */ = {isa = PBXFileReference; lastKnownFileType = sourcecode.swift; path = MenuButton.swift; sourceTree = "<group>"; };
		418CF6DA29F3D633001C0FCD /* GameType.swift */ = {isa = PBXFileReference; lastKnownFileType = sourcecode.swift; path = GameType.swift; sourceTree = "<group>"; };
		418F84AC2A1C0461006C2807 /* UroboZegzugUnitTests.xctest */ = {isa = PBXFileReference; explicitFileType = wrapper.cfbundle; includeInIndex = 0; path = UroboZegzugUnitTests.xctest; sourceTree = BUILT_PRODUCTS_DIR; };
		418F84AE2A1C0461006C2807 /* UroboGameViewModelUnitTests.swift */ = {isa = PBXFileReference; lastKnownFileType = sourcecode.swift; path = UroboGameViewModelUnitTests.swift; sourceTree = "<group>"; };
		418F84B72A1C0E30006C2807 /* Messages.framework */ = {isa = PBXFileReference; lastKnownFileType = wrapper.framework; name = Messages.framework; path = Platforms/MacOSX.platform/Developer/SDKs/MacOSX13.3.sdk/System/iOSSupport/System/Library/Frameworks/Messages.framework; sourceTree = DEVELOPER_DIR; };
		41EEBCB22A064BA8002A6798 /* UroboState.swift */ = {isa = PBXFileReference; lastKnownFileType = sourcecode.swift; path = UroboState.swift; sourceTree = "<group>"; };
		41EEBCB52A06ACB0002A6798 /* Int+isBiggerUroboCard.swift */ = {isa = PBXFileReference; lastKnownFileType = sourcecode.swift; path = "Int+isBiggerUroboCard.swift"; sourceTree = "<group>"; };
		55D9B32729F5D77000A2369C /* ZegzugGameView.swift */ = {isa = PBXFileReference; lastKnownFileType = sourcecode.swift; path = ZegzugGameView.swift; sourceTree = "<group>"; };
		55D9B32A29F5D8B000A2369C /* Circle.swift */ = {isa = PBXFileReference; lastKnownFileType = sourcecode.swift; path = Circle.swift; sourceTree = "<group>"; };
		55D9B32C29F5DAA500A2369C /* BackgroundCircles.swift */ = {isa = PBXFileReference; lastKnownFileType = sourcecode.swift; path = BackgroundCircles.swift; sourceTree = "<group>"; };
		55D9B32E29F5DFB100A2369C /* PlayableArea.swift */ = {isa = PBXFileReference; lastKnownFileType = sourcecode.swift; path = PlayableArea.swift; sourceTree = "<group>"; };
		55D9B33029F5E02400A2369C /* ZegzugGameViewModel.swift */ = {isa = PBXFileReference; lastKnownFileType = sourcecode.swift; path = ZegzugGameViewModel.swift; sourceTree = "<group>"; };
		55D9B33329F5E15100A2369C /* CGPoint+Extension.swift */ = {isa = PBXFileReference; lastKnownFileType = sourcecode.swift; path = "CGPoint+Extension.swift"; sourceTree = "<group>"; };
		55D9B33629F5E1B200A2369C /* Shape+Extension.swift */ = {isa = PBXFileReference; lastKnownFileType = sourcecode.swift; path = "Shape+Extension.swift"; sourceTree = "<group>"; };
		55D9B33929F5E23400A2369C /* Path+Extension.swift */ = {isa = PBXFileReference; lastKnownFileType = sourcecode.swift; path = "Path+Extension.swift"; sourceTree = "<group>"; };
		55D9B34129F6C6E900A2369C /* UroboPlayer.swift */ = {isa = PBXFileReference; fileEncoding = 4; lastKnownFileType = sourcecode.swift; path = UroboPlayer.swift; sourceTree = "<group>"; };
		55D9B34329F6C6F400A2369C /* MonochromeShadowButton.swift */ = {isa = PBXFileReference; fileEncoding = 4; lastKnownFileType = sourcecode.swift; path = MonochromeShadowButton.swift; sourceTree = "<group>"; };
		55D9B34629F6CF5900A2369C /* ButtonStyle+Extension.swift */ = {isa = PBXFileReference; lastKnownFileType = sourcecode.swift; path = "ButtonStyle+Extension.swift"; sourceTree = "<group>"; };
		55D9B34829F6D18000A2369C /* CircularButton.swift */ = {isa = PBXFileReference; lastKnownFileType = sourcecode.swift; path = CircularButton.swift; sourceTree = "<group>"; };
/* End PBXFileReference section */

/* Begin PBXFrameworksBuildPhase section */
		4143721D29E0540000A670C0 /* Frameworks */ = {
			isa = PBXFrameworksBuildPhase;
			buildActionMask = 2147483647;
			files = (
				4143722629E0540000A670C0 /* Messages.framework in Frameworks */,
			);
			runOnlyForDeploymentPostprocessing = 0;
		};
		418F84A92A1C0461006C2807 /* Frameworks */ = {
			isa = PBXFrameworksBuildPhase;
			buildActionMask = 2147483647;
			files = (
				418F84B82A1C0E30006C2807 /* Messages.framework in Frameworks */,
			);
			runOnlyForDeploymentPostprocessing = 0;
		};
/* End PBXFrameworksBuildPhase section */

/* Begin PBXGroup section */
		4143721029E053FF00A670C0 = {
			isa = PBXGroup;
			children = (
				4143721929E053FF00A670C0 /* urobo-zegzug */,
				4143722729E0540000A670C0 /* urobo-zegzug MessagesExtension */,
				418F84AD2A1C0461006C2807 /* UroboZegzugUnitTests */,
				4143722429E0540000A670C0 /* Frameworks */,
				4143721829E053FF00A670C0 /* Products */,
			);
			sourceTree = "<group>";
		};
		4143721829E053FF00A670C0 /* Products */ = {
			isa = PBXGroup;
			children = (
				4143721729E053FF00A670C0 /* urobo-zegzug.app */,
				4143722029E0540000A670C0 /* urobo-zegzug MessagesExtension.appex */,
				418F84AC2A1C0461006C2807 /* UroboZegzugUnitTests.xctest */,
			);
			name = Products;
			sourceTree = "<group>";
		};
		4143721929E053FF00A670C0 /* urobo-zegzug */ = {
			isa = PBXGroup;
			children = (
				4143721A29E0540000A670C0 /* Assets.xcassets */,
			);
			path = "urobo-zegzug";
			sourceTree = "<group>";
		};
		4143722429E0540000A670C0 /* Frameworks */ = {
			isa = PBXGroup;
			children = (
				418F84B72A1C0E30006C2807 /* Messages.framework */,
				4143722529E0540000A670C0 /* Messages.framework */,
			);
			name = Frameworks;
			sourceTree = "<group>";
		};
		4143722729E0540000A670C0 /* urobo-zegzug MessagesExtension */ = {
			isa = PBXGroup;
			children = (
				55D9B32529F5D74400A2369C /* Zegzug */,
				4143724A29E0944300A670C0 /* Utilities */,
				4143723B29E063FF00A670C0 /* Menu */,
				4143723929E0584E00A670C0 /* Urobo */,
				4143722829E0540000A670C0 /* MessagesViewController.swift */,
				4143722A29E0540000A670C0 /* MainInterface.storyboard */,
				4143722D29E0540100A670C0 /* Assets.xcassets */,
				4143722F29E0540100A670C0 /* Info.plist */,
			);
			path = "urobo-zegzug MessagesExtension";
			sourceTree = "<group>";
		};
		4143723929E0584E00A670C0 /* Urobo */ = {
			isa = PBXGroup;
			children = (
				4143724529E0900D00A670C0 /* Game */,
				4143723A29E0585600A670C0 /* HowToPlay */,
			);
			path = Urobo;
			sourceTree = "<group>";
		};
		4143723A29E0585600A670C0 /* HowToPlay */ = {
			isa = PBXGroup;
			children = (
				4143726329E19BEC00A670C0 /* HowToPlayView.swift */,
			);
			path = HowToPlay;
			sourceTree = "<group>";
		};
		4143723B29E063FF00A670C0 /* Menu */ = {
			isa = PBXGroup;
			children = (
				4143724029E06F3500A670C0 /* Views */,
				4143723C29E06F0B00A670C0 /* MenuScreen.swift */,
				4143723E29E06F1900A670C0 /* MenuViewModel.swift */,
			);
			path = Menu;
			sourceTree = "<group>";
		};
		4143724029E06F3500A670C0 /* Views */ = {
			isa = PBXGroup;
			children = (
				4143724129E0702E00A670C0 /* GameMenuTile.swift */,
			);
			path = Views;
			sourceTree = "<group>";
		};
		4143724529E0900D00A670C0 /* Game */ = {
			isa = PBXGroup;
			children = (
				41EEBCB12A064B81002A6798 /* Presentation */,
				55D9B34029F6C6E900A2369C /* Model */,
			);
			path = Game;
			sourceTree = "<group>";
		};
		4143724A29E0944300A670C0 /* Utilities */ = {
			isa = PBXGroup;
			children = (
				418CF6D929F3D624001C0FCD /* GameType */,
				418CF6CC29F3D0D4001C0FCD /* Extensions */,
				4143724D29E095D400A670C0 /* UI */,
			);
			path = Utilities;
			sourceTree = "<group>";
		};
		4143724D29E095D400A670C0 /* UI */ = {
			isa = PBXGroup;
			children = (
				418CF6D529F3D2D7001C0FCD /* Button */,
				418CF6D429F3D2C9001C0FCD /* Padding */,
			);
			path = UI;
			sourceTree = "<group>";
		};
		418CF6CC29F3D0D4001C0FCD /* Extensions */ = {
			isa = PBXGroup;
			children = (
				41EEBCB42A06AC9B002A6798 /* Int */,
				55D9B34529F6CF4700A2369C /* ButtonStyle */,
				55D9B33829F5E22600A2369C /* Path */,
				55D9B33529F5E19B00A2369C /* Shape */,
				55D9B33229F5E11500A2369C /* CGPoint */,
				418CF6D129F3D1D3001C0FCD /* Image */,
				418CF6CE29F3D103001C0FCD /* Color */,
			);
			path = Extensions;
			sourceTree = "<group>";
		};
		418CF6CE29F3D103001C0FCD /* Color */ = {
			isa = PBXGroup;
			children = (
				418CF6CF29F3D118001C0FCD /* Color+appColors.swift */,
			);
			path = Color;
			sourceTree = "<group>";
		};
		418CF6D129F3D1D3001C0FCD /* Image */ = {
			isa = PBXGroup;
			children = (
				418CF6D229F3D1E7001C0FCD /* Image+appImages.swift */,
			);
			path = Image;
			sourceTree = "<group>";
		};
		418CF6D429F3D2C9001C0FCD /* Padding */ = {
			isa = PBXGroup;
			children = (
				4143724B29E0945000A670C0 /* Padding.swift */,
			);
			path = Padding;
			sourceTree = "<group>";
		};
		418CF6D529F3D2D7001C0FCD /* Button */ = {
			isa = PBXGroup;
			children = (
				55D9B34329F6C6F400A2369C /* MonochromeShadowButton.swift */,
				418CF6D729F3D2F2001C0FCD /* MenuButton.swift */,
				55D9B34829F6D18000A2369C /* CircularButton.swift */,
			);
			path = Button;
			sourceTree = "<group>";
		};
		418CF6D929F3D624001C0FCD /* GameType */ = {
			isa = PBXGroup;
			children = (
				418CF6DA29F3D633001C0FCD /* GameType.swift */,
			);
			path = GameType;
			sourceTree = "<group>";
		};
		418F84AD2A1C0461006C2807 /* UroboZegzugUnitTests */ = {
			isa = PBXGroup;
			children = (
				418F84B52A1C05F3006C2807 /* Urobo */,
			);
			path = UroboZegzugUnitTests;
			sourceTree = "<group>";
		};
		418F84B52A1C05F3006C2807 /* Urobo */ = {
			isa = PBXGroup;
			children = (
				418F84AE2A1C0461006C2807 /* UroboGameViewModelUnitTests.swift */,
			);
			path = Urobo;
			sourceTree = "<group>";
		};
		41EEBCB12A064B81002A6798 /* Presentation */ = {
			isa = PBXGroup;
			children = (
				4143724629E0901900A670C0 /* UroboGameScreen.swift */,
				4143724829E0902600A670C0 /* UroboGameViewModel.swift */,
			);
			path = Presentation;
			sourceTree = "<group>";
		};
		41EEBCB42A06AC9B002A6798 /* Int */ = {
			isa = PBXGroup;
			children = (
				41EEBCB52A06ACB0002A6798 /* Int+isBiggerUroboCard.swift */,
			);
			path = Int;
			sourceTree = "<group>";
		};
		55D9B32529F5D74400A2369C /* Zegzug */ = {
			isa = PBXGroup;
			children = (
				55D9B32929F5D88A00A2369C /* Views */,
				55D9B32629F5D75000A2369C /* Game */,
			);
			path = Zegzug;
			sourceTree = "<group>";
		};
		55D9B32629F5D75000A2369C /* Game */ = {
			isa = PBXGroup;
			children = (
				55D9B32729F5D77000A2369C /* ZegzugGameView.swift */,
				55D9B33029F5E02400A2369C /* ZegzugGameViewModel.swift */,
			);
			path = Game;
			sourceTree = "<group>";
		};
		55D9B32929F5D88A00A2369C /* Views */ = {
			isa = PBXGroup;
			children = (
				55D9B32A29F5D8B000A2369C /* Circle.swift */,
				55D9B32C29F5DAA500A2369C /* BackgroundCircles.swift */,
				55D9B32E29F5DFB100A2369C /* PlayableArea.swift */,
			);
			path = Views;
			sourceTree = "<group>";
		};
		55D9B33229F5E11500A2369C /* CGPoint */ = {
			isa = PBXGroup;
			children = (
				55D9B33329F5E15100A2369C /* CGPoint+Extension.swift */,
			);
			path = CGPoint;
			sourceTree = "<group>";
		};
		55D9B33529F5E19B00A2369C /* Shape */ = {
			isa = PBXGroup;
			children = (
				55D9B33629F5E1B200A2369C /* Shape+Extension.swift */,
			);
			path = Shape;
			sourceTree = "<group>";
		};
		55D9B33829F5E22600A2369C /* Path */ = {
			isa = PBXGroup;
			children = (
				55D9B33929F5E23400A2369C /* Path+Extension.swift */,
			);
			path = Path;
			sourceTree = "<group>";
		};
		55D9B34029F6C6E900A2369C /* Model */ = {
			isa = PBXGroup;
			children = (
				55D9B34129F6C6E900A2369C /* UroboPlayer.swift */,
				41EEBCB22A064BA8002A6798 /* UroboState.swift */,
			);
			path = Model;
			sourceTree = "<group>";
		};
		55D9B34529F6CF4700A2369C /* ButtonStyle */ = {
			isa = PBXGroup;
			children = (
				55D9B34629F6CF5900A2369C /* ButtonStyle+Extension.swift */,
			);
			path = ButtonStyle;
			sourceTree = "<group>";
		};
/* End PBXGroup section */

/* Begin PBXNativeTarget section */
		4143721629E053FF00A670C0 /* urobo-zegzug */ = {
			isa = PBXNativeTarget;
			buildConfigurationList = 4143723629E0540100A670C0 /* Build configuration list for PBXNativeTarget "urobo-zegzug" */;
			buildPhases = (
				4143721529E053FF00A670C0 /* Resources */,
				4143723529E0540100A670C0 /* Embed Foundation Extensions */,
			);
			buildRules = (
			);
			dependencies = (
				4143722329E0540000A670C0 /* PBXTargetDependency */,
			);
			name = "urobo-zegzug";
			productName = "urobo-zegzug";
			productReference = 4143721729E053FF00A670C0 /* urobo-zegzug.app */;
			productType = "com.apple.product-type.application.messages";
		};
		4143721F29E0540000A670C0 /* urobo-zegzug MessagesExtension */ = {
			isa = PBXNativeTarget;
			buildConfigurationList = 4143723229E0540100A670C0 /* Build configuration list for PBXNativeTarget "urobo-zegzug MessagesExtension" */;
			buildPhases = (
				4143721C29E0540000A670C0 /* Sources */,
				4143721D29E0540000A670C0 /* Frameworks */,
				4143721E29E0540000A670C0 /* Resources */,
			);
			buildRules = (
			);
			dependencies = (
			);
			name = "urobo-zegzug MessagesExtension";
			productName = "urobo-zegzug MessagesExtension";
			productReference = 4143722029E0540000A670C0 /* urobo-zegzug MessagesExtension.appex */;
			productType = "com.apple.product-type.app-extension.messages";
		};
		418F84AB2A1C0461006C2807 /* UroboZegzugUnitTests */ = {
			isa = PBXNativeTarget;
			buildConfigurationList = 418F84B22A1C0461006C2807 /* Build configuration list for PBXNativeTarget "UroboZegzugUnitTests" */;
			buildPhases = (
				418F84A82A1C0461006C2807 /* Sources */,
				418F84A92A1C0461006C2807 /* Frameworks */,
				418F84AA2A1C0461006C2807 /* Resources */,
			);
			buildRules = (
			);
			dependencies = (
				418F84B42A1C05BD006C2807 /* PBXTargetDependency */,
			);
			name = UroboZegzugUnitTests;
			productName = UroboZegzugUnitTests;
			productReference = 418F84AC2A1C0461006C2807 /* UroboZegzugUnitTests.xctest */;
			productType = "com.apple.product-type.bundle.unit-test";
		};
/* End PBXNativeTarget section */

/* Begin PBXProject section */
		4143721129E053FF00A670C0 /* Project object */ = {
			isa = PBXProject;
			attributes = {
				BuildIndependentTargetsInParallel = 1;
				LastSwiftUpdateCheck = 1430;
				LastUpgradeCheck = 1420;
				TargetAttributes = {
					4143721629E053FF00A670C0 = {
						CreatedOnToolsVersion = 14.2;
						LastSwiftMigration = 1430;
					};
					4143721F29E0540000A670C0 = {
						CreatedOnToolsVersion = 14.2;
					};
					418F84AB2A1C0461006C2807 = {
						CreatedOnToolsVersion = 14.3;
					};
				};
			};
			buildConfigurationList = 4143721429E053FF00A670C0 /* Build configuration list for PBXProject "urobo-zegzug" */;
			compatibilityVersion = "Xcode 14.0";
			developmentRegion = en;
			hasScannedForEncodings = 0;
			knownRegions = (
				en,
				Base,
			);
			mainGroup = 4143721029E053FF00A670C0;
			productRefGroup = 4143721829E053FF00A670C0 /* Products */;
			projectDirPath = "";
			projectRoot = "";
			targets = (
				4143721629E053FF00A670C0 /* urobo-zegzug */,
				4143721F29E0540000A670C0 /* urobo-zegzug MessagesExtension */,
				418F84AB2A1C0461006C2807 /* UroboZegzugUnitTests */,
			);
		};
/* End PBXProject section */

/* Begin PBXResourcesBuildPhase section */
		4143721529E053FF00A670C0 /* Resources */ = {
			isa = PBXResourcesBuildPhase;
			buildActionMask = 2147483647;
			files = (
				4143721B29E0540000A670C0 /* Assets.xcassets in Resources */,
			);
			runOnlyForDeploymentPostprocessing = 0;
		};
		4143721E29E0540000A670C0 /* Resources */ = {
			isa = PBXResourcesBuildPhase;
			buildActionMask = 2147483647;
			files = (
				4143722E29E0540100A670C0 /* Assets.xcassets in Resources */,
				4143722C29E0540000A670C0 /* MainInterface.storyboard in Resources */,
			);
			runOnlyForDeploymentPostprocessing = 0;
		};
		418F84AA2A1C0461006C2807 /* Resources */ = {
			isa = PBXResourcesBuildPhase;
			buildActionMask = 2147483647;
			files = (
				418F84B62A1C0A28006C2807 /* Assets.xcassets in Resources */,
				418F84B92A1C0E7C006C2807 /* MainInterface.storyboard in Resources */,
			);
			runOnlyForDeploymentPostprocessing = 0;
		};
/* End PBXResourcesBuildPhase section */

/* Begin PBXSourcesBuildPhase section */
		4143721C29E0540000A670C0 /* Sources */ = {
			isa = PBXSourcesBuildPhase;
			buildActionMask = 2147483647;
			files = (
				55D9B33A29F5E23400A2369C /* Path+Extension.swift in Sources */,
				55D9B32F29F5DFB100A2369C /* PlayableArea.swift in Sources */,
				4143724229E0702E00A670C0 /* GameMenuTile.swift in Sources */,
				4143724929E0902600A670C0 /* UroboGameViewModel.swift in Sources */,
				4143724729E0901900A670C0 /* UroboGameScreen.swift in Sources */,
				41EEBCB62A06ACB0002A6798 /* Int+isBiggerUroboCard.swift in Sources */,
				4143723F29E06F1900A670C0 /* MenuViewModel.swift in Sources */,
				55D9B34729F6CF5900A2369C /* ButtonStyle+Extension.swift in Sources */,
				4143726429E19BEC00A670C0 /* HowToPlayView.swift in Sources */,
				418CF6DB29F3D633001C0FCD /* GameType.swift in Sources */,
				55D9B34429F6C6F400A2369C /* MonochromeShadowButton.swift in Sources */,
				4143723D29E06F0B00A670C0 /* MenuScreen.swift in Sources */,
				55D9B33429F5E15100A2369C /* CGPoint+Extension.swift in Sources */,
				55D9B33729F5E1B200A2369C /* Shape+Extension.swift in Sources */,
				55D9B32B29F5D8B000A2369C /* Circle.swift in Sources */,
				418CF6D829F3D2F2001C0FCD /* MenuButton.swift in Sources */,
				4143722929E0540000A670C0 /* MessagesViewController.swift in Sources */,
				55D9B34229F6C6E900A2369C /* UroboPlayer.swift in Sources */,
				55D9B32829F5D77000A2369C /* ZegzugGameView.swift in Sources */,
				418CF6D029F3D118001C0FCD /* Color+appColors.swift in Sources */,
				41EEBCB32A064BA8002A6798 /* UroboState.swift in Sources */,
				4143724C29E0945000A670C0 /* Padding.swift in Sources */,
				55D9B32D29F5DAA500A2369C /* BackgroundCircles.swift in Sources */,
				55D9B34929F6D18000A2369C /* CircularButton.swift in Sources */,
				418CF6D329F3D1E7001C0FCD /* Image+appImages.swift in Sources */,
				55D9B33129F5E02400A2369C /* ZegzugGameViewModel.swift in Sources */,
			);
			runOnlyForDeploymentPostprocessing = 0;
		};
		418F84A82A1C0461006C2807 /* Sources */ = {
			isa = PBXSourcesBuildPhase;
			buildActionMask = 2147483647;
			files = (
				418F84AF2A1C0461006C2807 /* UroboGameViewModelUnitTests.swift in Sources */,
			);
			runOnlyForDeploymentPostprocessing = 0;
		};
/* End PBXSourcesBuildPhase section */

/* Begin PBXTargetDependency section */
		4143722329E0540000A670C0 /* PBXTargetDependency */ = {
			isa = PBXTargetDependency;
			target = 4143721F29E0540000A670C0 /* urobo-zegzug MessagesExtension */;
			targetProxy = 4143722229E0540000A670C0 /* PBXContainerItemProxy */;
		};
		418F84B42A1C05BD006C2807 /* PBXTargetDependency */ = {
			isa = PBXTargetDependency;
			target = 4143721F29E0540000A670C0 /* urobo-zegzug MessagesExtension */;
			targetProxy = 418F84B32A1C05BD006C2807 /* PBXContainerItemProxy */;
		};
/* End PBXTargetDependency section */

/* Begin PBXVariantGroup section */
		4143722A29E0540000A670C0 /* MainInterface.storyboard */ = {
			isa = PBXVariantGroup;
			children = (
				4143722B29E0540000A670C0 /* Base */,
			);
			name = MainInterface.storyboard;
			sourceTree = "<group>";
		};
/* End PBXVariantGroup section */

/* Begin XCBuildConfiguration section */
		4143723029E0540100A670C0 /* Debug */ = {
			isa = XCBuildConfiguration;
			buildSettings = {
				ALWAYS_SEARCH_USER_PATHS = NO;
				CLANG_ANALYZER_NONNULL = YES;
				CLANG_ANALYZER_NUMBER_OBJECT_CONVERSION = YES_AGGRESSIVE;
				CLANG_CXX_LANGUAGE_STANDARD = "gnu++20";
				CLANG_ENABLE_MODULES = YES;
				CLANG_ENABLE_OBJC_ARC = YES;
				CLANG_ENABLE_OBJC_WEAK = YES;
				CLANG_WARN_BLOCK_CAPTURE_AUTORELEASING = YES;
				CLANG_WARN_BOOL_CONVERSION = YES;
				CLANG_WARN_COMMA = YES;
				CLANG_WARN_CONSTANT_CONVERSION = YES;
				CLANG_WARN_DEPRECATED_OBJC_IMPLEMENTATIONS = YES;
				CLANG_WARN_DIRECT_OBJC_ISA_USAGE = YES_ERROR;
				CLANG_WARN_DOCUMENTATION_COMMENTS = YES;
				CLANG_WARN_EMPTY_BODY = YES;
				CLANG_WARN_ENUM_CONVERSION = YES;
				CLANG_WARN_INFINITE_RECURSION = YES;
				CLANG_WARN_INT_CONVERSION = YES;
				CLANG_WARN_NON_LITERAL_NULL_CONVERSION = YES;
				CLANG_WARN_OBJC_IMPLICIT_RETAIN_SELF = YES;
				CLANG_WARN_OBJC_LITERAL_CONVERSION = YES;
				CLANG_WARN_OBJC_ROOT_CLASS = YES_ERROR;
				CLANG_WARN_QUOTED_INCLUDE_IN_FRAMEWORK_HEADER = YES;
				CLANG_WARN_RANGE_LOOP_ANALYSIS = YES;
				CLANG_WARN_STRICT_PROTOTYPES = YES;
				CLANG_WARN_SUSPICIOUS_MOVE = YES;
				CLANG_WARN_UNGUARDED_AVAILABILITY = YES_AGGRESSIVE;
				CLANG_WARN_UNREACHABLE_CODE = YES;
				CLANG_WARN__DUPLICATE_METHOD_MATCH = YES;
				COPY_PHASE_STRIP = NO;
				DEBUG_INFORMATION_FORMAT = dwarf;
				ENABLE_STRICT_OBJC_MSGSEND = YES;
				ENABLE_TESTABILITY = YES;
				GCC_C_LANGUAGE_STANDARD = gnu11;
				GCC_DYNAMIC_NO_PIC = NO;
				GCC_NO_COMMON_BLOCKS = YES;
				GCC_OPTIMIZATION_LEVEL = 0;
				GCC_PREPROCESSOR_DEFINITIONS = (
					"DEBUG=1",
					"$(inherited)",
				);
				GCC_WARN_64_TO_32_BIT_CONVERSION = YES;
				GCC_WARN_ABOUT_RETURN_TYPE = YES_ERROR;
				GCC_WARN_UNDECLARED_SELECTOR = YES;
				GCC_WARN_UNINITIALIZED_AUTOS = YES_AGGRESSIVE;
				GCC_WARN_UNUSED_FUNCTION = YES;
				GCC_WARN_UNUSED_VARIABLE = YES;
				IPHONEOS_DEPLOYMENT_TARGET = 16.2;
				MTL_ENABLE_DEBUG_INFO = INCLUDE_SOURCE;
				MTL_FAST_MATH = YES;
				ONLY_ACTIVE_ARCH = YES;
				SDKROOT = iphoneos;
				SWIFT_ACTIVE_COMPILATION_CONDITIONS = DEBUG;
				SWIFT_OPTIMIZATION_LEVEL = "-Onone";
			};
			name = Debug;
		};
		4143723129E0540100A670C0 /* Release */ = {
			isa = XCBuildConfiguration;
			buildSettings = {
				ALWAYS_SEARCH_USER_PATHS = NO;
				CLANG_ANALYZER_NONNULL = YES;
				CLANG_ANALYZER_NUMBER_OBJECT_CONVERSION = YES_AGGRESSIVE;
				CLANG_CXX_LANGUAGE_STANDARD = "gnu++20";
				CLANG_ENABLE_MODULES = YES;
				CLANG_ENABLE_OBJC_ARC = YES;
				CLANG_ENABLE_OBJC_WEAK = YES;
				CLANG_WARN_BLOCK_CAPTURE_AUTORELEASING = YES;
				CLANG_WARN_BOOL_CONVERSION = YES;
				CLANG_WARN_COMMA = YES;
				CLANG_WARN_CONSTANT_CONVERSION = YES;
				CLANG_WARN_DEPRECATED_OBJC_IMPLEMENTATIONS = YES;
				CLANG_WARN_DIRECT_OBJC_ISA_USAGE = YES_ERROR;
				CLANG_WARN_DOCUMENTATION_COMMENTS = YES;
				CLANG_WARN_EMPTY_BODY = YES;
				CLANG_WARN_ENUM_CONVERSION = YES;
				CLANG_WARN_INFINITE_RECURSION = YES;
				CLANG_WARN_INT_CONVERSION = YES;
				CLANG_WARN_NON_LITERAL_NULL_CONVERSION = YES;
				CLANG_WARN_OBJC_IMPLICIT_RETAIN_SELF = YES;
				CLANG_WARN_OBJC_LITERAL_CONVERSION = YES;
				CLANG_WARN_OBJC_ROOT_CLASS = YES_ERROR;
				CLANG_WARN_QUOTED_INCLUDE_IN_FRAMEWORK_HEADER = YES;
				CLANG_WARN_RANGE_LOOP_ANALYSIS = YES;
				CLANG_WARN_STRICT_PROTOTYPES = YES;
				CLANG_WARN_SUSPICIOUS_MOVE = YES;
				CLANG_WARN_UNGUARDED_AVAILABILITY = YES_AGGRESSIVE;
				CLANG_WARN_UNREACHABLE_CODE = YES;
				CLANG_WARN__DUPLICATE_METHOD_MATCH = YES;
				COPY_PHASE_STRIP = NO;
				DEBUG_INFORMATION_FORMAT = "dwarf-with-dsym";
				ENABLE_NS_ASSERTIONS = NO;
				ENABLE_STRICT_OBJC_MSGSEND = YES;
				GCC_C_LANGUAGE_STANDARD = gnu11;
				GCC_NO_COMMON_BLOCKS = YES;
				GCC_WARN_64_TO_32_BIT_CONVERSION = YES;
				GCC_WARN_ABOUT_RETURN_TYPE = YES_ERROR;
				GCC_WARN_UNDECLARED_SELECTOR = YES;
				GCC_WARN_UNINITIALIZED_AUTOS = YES_AGGRESSIVE;
				GCC_WARN_UNUSED_FUNCTION = YES;
				GCC_WARN_UNUSED_VARIABLE = YES;
				IPHONEOS_DEPLOYMENT_TARGET = 16.2;
				MTL_ENABLE_DEBUG_INFO = NO;
				MTL_FAST_MATH = YES;
				SDKROOT = iphoneos;
				SWIFT_COMPILATION_MODE = wholemodule;
				SWIFT_OPTIMIZATION_LEVEL = "-O";
				VALIDATE_PRODUCT = YES;
			};
			name = Release;
		};
		4143723329E0540100A670C0 /* Debug */ = {
			isa = XCBuildConfiguration;
			buildSettings = {
				ASSETCATALOG_COMPILER_APPICON_NAME = "iMessage App Icon";
				CODE_SIGN_STYLE = Automatic;
				CURRENT_PROJECT_VERSION = 1;
				DEVELOPMENT_TEAM = H96D2TP7LP;
				GENERATE_INFOPLIST_FILE = YES;
				INFOPLIST_FILE = "urobo-zegzug MessagesExtension/Info.plist";
				INFOPLIST_KEY_CFBundleDisplayName = "urobo-zegzug";
				INFOPLIST_KEY_NSHumanReadableCopyright = "";
				IPHONEOS_DEPLOYMENT_TARGET = 15.6;
				LD_RUNPATH_SEARCH_PATHS = (
					"$(inherited)",
					"@executable_path/Frameworks",
					"@executable_path/../../Frameworks",
				);
				MARKETING_VERSION = 1.0;
				PRODUCT_BUNDLE_IDENTIFIER = "samu.urobo-zegzug.MessagesExtension";
				PRODUCT_NAME = "$(TARGET_NAME)";
				SKIP_INSTALL = YES;
				SWIFT_EMIT_LOC_STRINGS = YES;
				SWIFT_VERSION = 5.0;
				TARGETED_DEVICE_FAMILY = "1,2";
			};
			name = Debug;
		};
		4143723429E0540100A670C0 /* Release */ = {
			isa = XCBuildConfiguration;
			buildSettings = {
				ASSETCATALOG_COMPILER_APPICON_NAME = "iMessage App Icon";
				CODE_SIGN_STYLE = Automatic;
				CURRENT_PROJECT_VERSION = 1;
				DEVELOPMENT_TEAM = H96D2TP7LP;
				GENERATE_INFOPLIST_FILE = YES;
				INFOPLIST_FILE = "urobo-zegzug MessagesExtension/Info.plist";
				INFOPLIST_KEY_CFBundleDisplayName = "urobo-zegzug";
				INFOPLIST_KEY_NSHumanReadableCopyright = "";
				IPHONEOS_DEPLOYMENT_TARGET = 15.6;
				LD_RUNPATH_SEARCH_PATHS = (
					"$(inherited)",
					"@executable_path/Frameworks",
					"@executable_path/../../Frameworks",
				);
				MARKETING_VERSION = 1.0;
				PRODUCT_BUNDLE_IDENTIFIER = "samu.urobo-zegzug.MessagesExtension";
				PRODUCT_NAME = "$(TARGET_NAME)";
				SKIP_INSTALL = YES;
				SWIFT_EMIT_LOC_STRINGS = YES;
				SWIFT_VERSION = 5.0;
				TARGETED_DEVICE_FAMILY = "1,2";
			};
			name = Release;
		};
		4143723729E0540100A670C0 /* Debug */ = {
			isa = XCBuildConfiguration;
			buildSettings = {
				ALWAYS_EMBED_SWIFT_STANDARD_LIBRARIES = YES;
				ASSETCATALOG_COMPILER_APPICON_NAME = AppIcon;
				CLANG_ENABLE_MODULES = YES;
				CODE_SIGN_STYLE = Automatic;
				CURRENT_PROJECT_VERSION = 1;
				DEVELOPMENT_TEAM = H96D2TP7LP;
				GENERATE_INFOPLIST_FILE = YES;
				INFOPLIST_KEY_UILaunchStoryboardName = LaunchScreen;
				INFOPLIST_KEY_UISupportedInterfaceOrientations_iPad = "UIInterfaceOrientationPortrait UIInterfaceOrientationPortraitUpsideDown UIInterfaceOrientationLandscapeLeft UIInterfaceOrientationLandscapeRight";
				INFOPLIST_KEY_UISupportedInterfaceOrientations_iPhone = "UIInterfaceOrientationPortrait UIInterfaceOrientationLandscapeLeft UIInterfaceOrientationLandscapeRight";
				IPHONEOS_DEPLOYMENT_TARGET = 15.6;
				MARKETING_VERSION = 1.0;
				PRODUCT_BUNDLE_IDENTIFIER = "samu.urobo-zegzug";
				PRODUCT_NAME = "$(TARGET_NAME)";
				SWIFT_EMIT_LOC_STRINGS = YES;
				SWIFT_OPTIMIZATION_LEVEL = "-Onone";
				SWIFT_VERSION = 5.0;
				TARGETED_DEVICE_FAMILY = "1,2";
			};
			name = Debug;
		};
		4143723829E0540100A670C0 /* Release */ = {
			isa = XCBuildConfiguration;
			buildSettings = {
				ALWAYS_EMBED_SWIFT_STANDARD_LIBRARIES = YES;
				ASSETCATALOG_COMPILER_APPICON_NAME = AppIcon;
				CLANG_ENABLE_MODULES = YES;
				CODE_SIGN_STYLE = Automatic;
				CURRENT_PROJECT_VERSION = 1;
				DEVELOPMENT_TEAM = H96D2TP7LP;
				GENERATE_INFOPLIST_FILE = YES;
				INFOPLIST_KEY_UILaunchStoryboardName = LaunchScreen;
				INFOPLIST_KEY_UISupportedInterfaceOrientations_iPad = "UIInterfaceOrientationPortrait UIInterfaceOrientationPortraitUpsideDown UIInterfaceOrientationLandscapeLeft UIInterfaceOrientationLandscapeRight";
				INFOPLIST_KEY_UISupportedInterfaceOrientations_iPhone = "UIInterfaceOrientationPortrait UIInterfaceOrientationLandscapeLeft UIInterfaceOrientationLandscapeRight";
				IPHONEOS_DEPLOYMENT_TARGET = 15.6;
				MARKETING_VERSION = 1.0;
				PRODUCT_BUNDLE_IDENTIFIER = "samu.urobo-zegzug";
				PRODUCT_NAME = "$(TARGET_NAME)";
				SWIFT_EMIT_LOC_STRINGS = YES;
				SWIFT_VERSION = 5.0;
				TARGETED_DEVICE_FAMILY = "1,2";
			};
			name = Release;
		};
		418F84B02A1C0461006C2807 /* Debug */ = {
			isa = XCBuildConfiguration;
			buildSettings = {
				CODE_SIGN_STYLE = Automatic;
				CURRENT_PROJECT_VERSION = 1;
				GENERATE_INFOPLIST_FILE = YES;
				IPHONEOS_DEPLOYMENT_TARGET = 16.4;
				MARKETING_VERSION = 1.0;
				PRODUCT_BUNDLE_IDENTIFIER = samu.UroboZegzugUnitTests;
				PRODUCT_NAME = "$(TARGET_NAME)";
				SWIFT_EMIT_LOC_STRINGS = NO;
				SWIFT_VERSION = 5.0;
				TARGETED_DEVICE_FAMILY = "1,2";
			};
			name = Debug;
		};
		418F84B12A1C0461006C2807 /* Release */ = {
			isa = XCBuildConfiguration;
			buildSettings = {
				CODE_SIGN_STYLE = Automatic;
				CURRENT_PROJECT_VERSION = 1;
				GENERATE_INFOPLIST_FILE = YES;
				IPHONEOS_DEPLOYMENT_TARGET = 16.4;
				MARKETING_VERSION = 1.0;
				PRODUCT_BUNDLE_IDENTIFIER = samu.UroboZegzugUnitTests;
				PRODUCT_NAME = "$(TARGET_NAME)";
				SWIFT_EMIT_LOC_STRINGS = NO;
				SWIFT_VERSION = 5.0;
				TARGETED_DEVICE_FAMILY = "1,2";
			};
			name = Release;
		};
/* End XCBuildConfiguration section */

/* Begin XCConfigurationList section */
		4143721429E053FF00A670C0 /* Build configuration list for PBXProject "urobo-zegzug" */ = {
			isa = XCConfigurationList;
			buildConfigurations = (
				4143723029E0540100A670C0 /* Debug */,
				4143723129E0540100A670C0 /* Release */,
			);
			defaultConfigurationIsVisible = 0;
			defaultConfigurationName = Release;
		};
		4143723229E0540100A670C0 /* Build configuration list for PBXNativeTarget "urobo-zegzug MessagesExtension" */ = {
			isa = XCConfigurationList;
			buildConfigurations = (
				4143723329E0540100A670C0 /* Debug */,
				4143723429E0540100A670C0 /* Release */,
			);
			defaultConfigurationIsVisible = 0;
			defaultConfigurationName = Release;
		};
		4143723629E0540100A670C0 /* Build configuration list for PBXNativeTarget "urobo-zegzug" */ = {
			isa = XCConfigurationList;
			buildConfigurations = (
				4143723729E0540100A670C0 /* Debug */,
				4143723829E0540100A670C0 /* Release */,
			);
			defaultConfigurationIsVisible = 0;
			defaultConfigurationName = Release;
		};
		418F84B22A1C0461006C2807 /* Build configuration list for PBXNativeTarget "UroboZegzugUnitTests" */ = {
			isa = XCConfigurationList;
			buildConfigurations = (
				418F84B02A1C0461006C2807 /* Debug */,
				418F84B12A1C0461006C2807 /* Release */,
			);
			defaultConfigurationIsVisible = 0;
			defaultConfigurationName = Release;
		};
/* End XCConfigurationList section */
	};
	rootObject = 4143721129E053FF00A670C0 /* Project object */;
}
